
Microsoft Visual Studio Solution File, Format Version 12.00
# Visual Studio Version 16
VisualStudioVersion = 16.0.30611.23
MinimumVisualStudioVersion = 10.0.40219.1
Project("{FAE04EC0-301F-11D3-BF4B-00C04F79EFBC}") = "SudnoTest_App", "SudnoTest_App\SudnoTest_App.csproj", "{C9C756C4-58A4-4FE9-9822-DA20D25ECBDC}"
EndProject
Global
	GlobalSection(SolutionConfigurationPlatforms) = preSolution
		Debug|Any CPU = Debug|Any CPU
		Release|Any CPU = Release|Any CPU
	EndGlobalSection
	GlobalSection(ProjectConfigurationPlatforms) = postSolution
		{C9C756C4-58A4-4FE9-9822-DA20D25ECBDC}.Debug|Any CPU.ActiveCfg = Debug|Any CPU
		{C9C756C4-58A4-4FE9-9822-DA20D25ECBDC}.Debug|Any CPU.Build.0 = Debug|Any CPU
		{C9C756C4-58A4-4FE9-9822-DA20D25ECBDC}.Release|Any CPU.ActiveCfg = Release|Any CPU
		{C9C756C4-58A4-4FE9-9822-DA20D25ECBDC}.Release|Any CPU.Build.0 = Release|Any CPU
	EndGlobalSection
	GlobalSection(SolutionProperties) = preSolution
		HideSolutionNode = FALSE
	EndGlobalSection
	GlobalSection(ExtensibilityGlobals) = postSolution
		SolutionGuid = {0389BBDB-5BD9-4DF2-932F-3C426025E465}
	EndGlobalSection
EndGlobal
